// !$*UTF8*$!
{
	archiveVersion = 1;
	classes = {
	};
	objectVersion = 50;
	objects = {

/* Begin PBXBuildFile section */
		8815244D22B81F9D00A029F1 /* NetworkServise.swift in Sources */ = {isa = PBXBuildFile; fileRef = 8815244C22B81F9D00A029F1 /* NetworkServise.swift */; };
		8815245022B8213D00A029F1 /* API.swift in Sources */ = {isa = PBXBuildFile; fileRef = 8815244F22B8213D00A029F1 /* API.swift */; };
		8815245322B908A900A029F1 /* FeedResponse.swift in Sources */ = {isa = PBXBuildFile; fileRef = 8815245222B908A900A029F1 /* FeedResponse.swift */; };
		8821C26122B7D7F4007834A8 /* AppDelegate.swift in Sources */ = {isa = PBXBuildFile; fileRef = 8821C26022B7D7F4007834A8 /* AppDelegate.swift */; };
		8821C26822B7D7F5007834A8 /* Assets.xcassets in Resources */ = {isa = PBXBuildFile; fileRef = 8821C26722B7D7F5007834A8 /* Assets.xcassets */; };
		8821C26B22B7D7F6007834A8 /* LaunchScreen.storyboard in Resources */ = {isa = PBXBuildFile; fileRef = 8821C26922B7D7F6007834A8 /* LaunchScreen.storyboard */; };
		8821C27422B7DCE6007834A8 /* VKSdkFramework.framework in Frameworks */ = {isa = PBXBuildFile; fileRef = 8821C27322B7DCE5007834A8 /* VKSdkFramework.framework */; };
		8821C27722B7DF04007834A8 /* AuthServise.swift in Sources */ = {isa = PBXBuildFile; fileRef = 8821C27622B7DF04007834A8 /* AuthServise.swift */; };
		8821C27A22B7E568007834A8 /* AuthViewController.swift in Sources */ = {isa = PBXBuildFile; fileRef = 8821C27922B7E568007834A8 /* AuthViewController.swift */; };
		8821C27C22B7E57A007834A8 /* AuthViewController.storyboard in Resources */ = {isa = PBXBuildFile; fileRef = 8821C27B22B7E57A007834A8 /* AuthViewController.storyboard */; };
		8821C28322B7FB96007834A8 /* UIViewController_Storybord.swift in Sources */ = {isa = PBXBuildFile; fileRef = 8821C28222B7FB96007834A8 /* UIViewController_Storybord.swift */; };
		88405E19232539DF00337D6B /* NewsFeedCellLayoutCalculate.swift in Sources */ = {isa = PBXBuildFile; fileRef = 88405E18232539DF00337D6B /* NewsFeedCellLayoutCalculate.swift */; };
		88405E1B2325898C00337D6B /* String + Hieght.swift in Sources */ = {isa = PBXBuildFile; fileRef = 88405E1A2325898C00337D6B /* String + Hieght.swift */; };
		88792D0F231E7E2D00C4AEE6 /* NetworkDataFetcher.swift in Sources */ = {isa = PBXBuildFile; fileRef = 88792D0E231E7E2D00C4AEE6 /* NetworkDataFetcher.swift */; };
		88792D17231E893100C4AEE6 /* NewsFeedInteractor.swift in Sources */ = {isa = PBXBuildFile; fileRef = 88792D11231E893100C4AEE6 /* NewsFeedInteractor.swift */; };
		88792D18231E893100C4AEE6 /* NewsFeedModels.swift in Sources */ = {isa = PBXBuildFile; fileRef = 88792D12231E893100C4AEE6 /* NewsFeedModels.swift */; };
		88792D19231E893100C4AEE6 /* NewsFeedPresenter.swift in Sources */ = {isa = PBXBuildFile; fileRef = 88792D13231E893100C4AEE6 /* NewsFeedPresenter.swift */; };
		88792D1A231E893100C4AEE6 /* NewsFeedRouter.swift in Sources */ = {isa = PBXBuildFile; fileRef = 88792D14231E893100C4AEE6 /* NewsFeedRouter.swift */; };
		88792D1B231E893100C4AEE6 /* NewsFeedViewController.swift in Sources */ = {isa = PBXBuildFile; fileRef = 88792D15231E893100C4AEE6 /* NewsFeedViewController.swift */; };
		88792D1C231E893100C4AEE6 /* NewsFeedWorker.swift in Sources */ = {isa = PBXBuildFile; fileRef = 88792D16231E893100C4AEE6 /* NewsFeedWorker.swift */; };
		88792D20231E906C00C4AEE6 /* NewsFeedViewController.storyboard in Resources */ = {isa = PBXBuildFile; fileRef = 88792D1F231E906C00C4AEE6 /* NewsFeedViewController.storyboard */; };
		88792D24231EC63A00C4AEE6 /* NewsFeedCell.swift in Sources */ = {isa = PBXBuildFile; fileRef = 88792D23231EC63A00C4AEE6 /* NewsFeedCell.swift */; };
		88792D26231EC69C00C4AEE6 /* NewsFeedCell.xib in Resources */ = {isa = PBXBuildFile; fileRef = 88792D25231EC69C00C4AEE6 /* NewsFeedCell.xib */; };
		88AEDE7C231F8E9400D4C052 /* .gitignore in Resources */ = {isa = PBXBuildFile; fileRef = 88AEDE7B231F8E9400D4C052 /* .gitignore */; };
		88AEDE7E231F90A400D4C052 /* WedImageView.swift in Sources */ = {isa = PBXBuildFile; fileRef = 88AEDE7D231F90A400D4C052 /* WedImageView.swift */; };
		88E420C723263CDA00638561 /* NewsFeedCodeCell.swift in Sources */ = {isa = PBXBuildFile; fileRef = 88E420C623263CDA00638561 /* NewsFeedCodeCell.swift */; };
		88E420C9232644FD00638561 /* Constraints.swift in Sources */ = {isa = PBXBuildFile; fileRef = 88E420C8232644FD00638561 /* Constraints.swift */; };
		88E420CB232665DC00638561 /* Constats.swift in Sources */ = {isa = PBXBuildFile; fileRef = 88E420CA232665DC00638561 /* Constats.swift */; };
/* End PBXBuildFile section */

/* Begin PBXFileReference section */
		8815244C22B81F9D00A029F1 /* NetworkServise.swift */ = {isa = PBXFileReference; lastKnownFileType = sourcecode.swift; path = NetworkServise.swift; sourceTree = "<group>"; };
		8815244F22B8213D00A029F1 /* API.swift */ = {isa = PBXFileReference; lastKnownFileType = sourcecode.swift; path = API.swift; sourceTree = "<group>"; };
		8815245222B908A900A029F1 /* FeedResponse.swift */ = {isa = PBXFileReference; lastKnownFileType = sourcecode.swift; path = FeedResponse.swift; sourceTree = "<group>"; };
		8821C25D22B7D7F4007834A8 /* VKCleanSwift.app */ = {isa = PBXFileReference; explicitFileType = wrapper.application; includeInIndex = 0; path = VKCleanSwift.app; sourceTree = BUILT_PRODUCTS_DIR; };
		8821C26022B7D7F4007834A8 /* AppDelegate.swift */ = {isa = PBXFileReference; lastKnownFileType = sourcecode.swift; path = AppDelegate.swift; sourceTree = "<group>"; };
		8821C26722B7D7F5007834A8 /* Assets.xcassets */ = {isa = PBXFileReference; lastKnownFileType = folder.assetcatalog; path = Assets.xcassets; sourceTree = "<group>"; };
		8821C26A22B7D7F6007834A8 /* Base */ = {isa = PBXFileReference; lastKnownFileType = file.storyboard; name = Base; path = Base.lproj/LaunchScreen.storyboard; sourceTree = "<group>"; };
		8821C26C22B7D7F6007834A8 /* Info.plist */ = {isa = PBXFileReference; lastKnownFileType = text.plist.xml; path = Info.plist; sourceTree = "<group>"; };
		8821C27322B7DCE5007834A8 /* VKSdkFramework.framework */ = {isa = PBXFileReference; lastKnownFileType = wrapper.framework; name = VKSdkFramework.framework; path = Carthage/Build/iOS/VKSdkFramework.framework; sourceTree = "<group>"; };
		8821C27622B7DF04007834A8 /* AuthServise.swift */ = {isa = PBXFileReference; lastKnownFileType = sourcecode.swift; path = AuthServise.swift; sourceTree = "<group>"; };
		8821C27922B7E568007834A8 /* AuthViewController.swift */ = {isa = PBXFileReference; lastKnownFileType = sourcecode.swift; path = AuthViewController.swift; sourceTree = "<group>"; };
		8821C27B22B7E57A007834A8 /* AuthViewController.storyboard */ = {isa = PBXFileReference; lastKnownFileType = file.storyboard; path = AuthViewController.storyboard; sourceTree = "<group>"; };
		8821C28222B7FB96007834A8 /* UIViewController_Storybord.swift */ = {isa = PBXFileReference; lastKnownFileType = sourcecode.swift; path = UIViewController_Storybord.swift; sourceTree = "<group>"; };
		88405E18232539DF00337D6B /* NewsFeedCellLayoutCalculate.swift */ = {isa = PBXFileReference; lastKnownFileType = sourcecode.swift; path = NewsFeedCellLayoutCalculate.swift; sourceTree = "<group>"; };
		88405E1A2325898C00337D6B /* String + Hieght.swift */ = {isa = PBXFileReference; lastKnownFileType = sourcecode.swift; path = "String + Hieght.swift"; sourceTree = "<group>"; };
		88792D0E231E7E2D00C4AEE6 /* NetworkDataFetcher.swift */ = {isa = PBXFileReference; lastKnownFileType = sourcecode.swift; path = NetworkDataFetcher.swift; sourceTree = "<group>"; };
		88792D11231E893100C4AEE6 /* NewsFeedInteractor.swift */ = {isa = PBXFileReference; lastKnownFileType = sourcecode.swift; path = NewsFeedInteractor.swift; sourceTree = "<group>"; };
		88792D12231E893100C4AEE6 /* NewsFeedModels.swift */ = {isa = PBXFileReference; lastKnownFileType = sourcecode.swift; path = NewsFeedModels.swift; sourceTree = "<group>"; };
		88792D13231E893100C4AEE6 /* NewsFeedPresenter.swift */ = {isa = PBXFileReference; lastKnownFileType = sourcecode.swift; path = NewsFeedPresenter.swift; sourceTree = "<group>"; };
		88792D14231E893100C4AEE6 /* NewsFeedRouter.swift */ = {isa = PBXFileReference; lastKnownFileType = sourcecode.swift; path = NewsFeedRouter.swift; sourceTree = "<group>"; };
		88792D15231E893100C4AEE6 /* NewsFeedViewController.swift */ = {isa = PBXFileReference; lastKnownFileType = sourcecode.swift; path = NewsFeedViewController.swift; sourceTree = "<group>"; };
		88792D16231E893100C4AEE6 /* NewsFeedWorker.swift */ = {isa = PBXFileReference; lastKnownFileType = sourcecode.swift; path = NewsFeedWorker.swift; sourceTree = "<group>"; };
		88792D1F231E906C00C4AEE6 /* NewsFeedViewController.storyboard */ = {isa = PBXFileReference; lastKnownFileType = file.storyboard; path = NewsFeedViewController.storyboard; sourceTree = "<group>"; };
		88792D23231EC63A00C4AEE6 /* NewsFeedCell.swift */ = {isa = PBXFileReference; lastKnownFileType = sourcecode.swift; path = NewsFeedCell.swift; sourceTree = "<group>"; };
		88792D25231EC69C00C4AEE6 /* NewsFeedCell.xib */ = {isa = PBXFileReference; lastKnownFileType = file.xib; path = NewsFeedCell.xib; sourceTree = "<group>"; };
		88AEDE7B231F8E9400D4C052 /* .gitignore */ = {isa = PBXFileReference; lastKnownFileType = text; path = .gitignore; sourceTree = "<group>"; };
		88AEDE7D231F90A400D4C052 /* WedImageView.swift */ = {isa = PBXFileReference; lastKnownFileType = sourcecode.swift; path = WedImageView.swift; sourceTree = "<group>"; };
		88E420C623263CDA00638561 /* NewsFeedCodeCell.swift */ = {isa = PBXFileReference; lastKnownFileType = sourcecode.swift; path = NewsFeedCodeCell.swift; sourceTree = "<group>"; };
		88E420C8232644FD00638561 /* Constraints.swift */ = {isa = PBXFileReference; lastKnownFileType = sourcecode.swift; path = Constraints.swift; sourceTree = "<group>"; };
		88E420CA232665DC00638561 /* Constats.swift */ = {isa = PBXFileReference; lastKnownFileType = sourcecode.swift; path = Constats.swift; sourceTree = "<group>"; };
/* End PBXFileReference section */

/* Begin PBXFrameworksBuildPhase section */
		8821C25A22B7D7F4007834A8 /* Frameworks */ = {
			isa = PBXFrameworksBuildPhase;
			buildActionMask = 2147483647;
			files = (
				8821C27422B7DCE6007834A8 /* VKSdkFramework.framework in Frameworks */,
			);
			runOnlyForDeploymentPostprocessing = 0;
		};
/* End PBXFrameworksBuildPhase section */

/* Begin PBXGroup section */
		8815245122B9088600A029F1 /* Model */ = {
			isa = PBXGroup;
			children = (
				8815245222B908A900A029F1 /* FeedResponse.swift */,
			);
			path = Model;
			sourceTree = "<group>";
		};
		8821C25422B7D7F4007834A8 = {
			isa = PBXGroup;
			children = (
				8821C25F22B7D7F4007834A8 /* VKCleanSwift */,
				8821C25E22B7D7F4007834A8 /* Products */,
				8821C27222B7DCE5007834A8 /* Frameworks */,
			);
			sourceTree = "<group>";
		};
		8821C25E22B7D7F4007834A8 /* Products */ = {
			isa = PBXGroup;
			children = (
				8821C25D22B7D7F4007834A8 /* VKCleanSwift.app */,
			);
			name = Products;
			sourceTree = "<group>";
		};
		8821C25F22B7D7F4007834A8 /* VKCleanSwift */ = {
			isa = PBXGroup;
			children = (
				8821C26022B7D7F4007834A8 /* AppDelegate.swift */,
				8821C27822B7DF20007834A8 /* Servise */,
				8821C27D22B7E5B1007834A8 /* Auth */,
				88792D10231E88CE00C4AEE6 /* NewsFeed */,
				8821C28422B7FBC1007834A8 /* Helpers */,
				8821C26722B7D7F5007834A8 /* Assets.xcassets */,
				8821C26922B7D7F6007834A8 /* LaunchScreen.storyboard */,
				8821C26C22B7D7F6007834A8 /* Info.plist */,
				88AEDE7B231F8E9400D4C052 /* .gitignore */,
			);
			path = VKCleanSwift;
			sourceTree = "<group>";
		};
		8821C27222B7DCE5007834A8 /* Frameworks */ = {
			isa = PBXGroup;
			children = (
				8821C27322B7DCE5007834A8 /* VKSdkFramework.framework */,
			);
			name = Frameworks;
			sourceTree = "<group>";
		};
		8821C27822B7DF20007834A8 /* Servise */ = {
			isa = PBXGroup;
			children = (
				8815245122B9088600A029F1 /* Model */,
				8821C27622B7DF04007834A8 /* AuthServise.swift */,
				8815244C22B81F9D00A029F1 /* NetworkServise.swift */,
				8815244F22B8213D00A029F1 /* API.swift */,
				88792D0E231E7E2D00C4AEE6 /* NetworkDataFetcher.swift */,
			);
			path = Servise;
			sourceTree = "<group>";
		};
		8821C27D22B7E5B1007834A8 /* Auth */ = {
			isa = PBXGroup;
			children = (
				8821C27922B7E568007834A8 /* AuthViewController.swift */,
				8821C27B22B7E57A007834A8 /* AuthViewController.storyboard */,
			);
			path = Auth;
			sourceTree = "<group>";
		};
		8821C28422B7FBC1007834A8 /* Helpers */ = {
			isa = PBXGroup;
			children = (
				8821C28222B7FB96007834A8 /* UIViewController_Storybord.swift */,
				88AEDE7D231F90A400D4C052 /* WedImageView.swift */,
				88405E1A2325898C00337D6B /* String + Hieght.swift */,
				88E420C8232644FD00638561 /* Constraints.swift */,
			);
			path = Helpers;
			sourceTree = "<group>";
		};
		88792D10231E88CE00C4AEE6 /* NewsFeed */ = {
			isa = PBXGroup;
			children = (
				88792D21231EC59A00C4AEE6 /* Cell */,
				88792D15231E893100C4AEE6 /* NewsFeedViewController.swift */,
				88792D1F231E906C00C4AEE6 /* NewsFeedViewController.storyboard */,
				88792D11231E893100C4AEE6 /* NewsFeedInteractor.swift */,
				88792D13231E893100C4AEE6 /* NewsFeedPresenter.swift */,
				88792D12231E893100C4AEE6 /* NewsFeedModels.swift */,
				88792D16231E893100C4AEE6 /* NewsFeedWorker.swift */,
				88792D14231E893100C4AEE6 /* NewsFeedRouter.swift */,
			);
			path = NewsFeed;
			sourceTree = "<group>";
		};
		88792D21231EC59A00C4AEE6 /* Cell */ = {
			isa = PBXGroup;
			children = (
				88792D23231EC63A00C4AEE6 /* NewsFeedCell.swift */,
				88E420C623263CDA00638561 /* NewsFeedCodeCell.swift */,
				88792D25231EC69C00C4AEE6 /* NewsFeedCell.xib */,
				88405E18232539DF00337D6B /* NewsFeedCellLayoutCalculate.swift */,
				88E420CA232665DC00638561 /* Constats.swift */,
			);
			path = Cell;
			sourceTree = "<group>";
		};
/* End PBXGroup section */

/* Begin PBXNativeTarget section */
		8821C25C22B7D7F4007834A8 /* VKCleanSwift */ = {
			isa = PBXNativeTarget;
			buildConfigurationList = 8821C26F22B7D7F6007834A8 /* Build configuration list for PBXNativeTarget "VKCleanSwift" */;
			buildPhases = (
				8821C25922B7D7F4007834A8 /* Sources */,
				8821C25A22B7D7F4007834A8 /* Frameworks */,
				8821C25B22B7D7F4007834A8 /* Resources */,
				8821C27522B7DD17007834A8 /* ShellScript */,
			);
			buildRules = (
			);
			dependencies = (
			);
			name = VKCleanSwift;
			productName = VKCleanSwift;
			productReference = 8821C25D22B7D7F4007834A8 /* VKCleanSwift.app */;
			productType = "com.apple.product-type.application";
		};
/* End PBXNativeTarget section */

/* Begin PBXProject section */
		8821C25522B7D7F4007834A8 /* Project object */ = {
			isa = PBXProject;
			attributes = {
				LastSwiftUpdateCheck = 1020;
				LastUpgradeCheck = 1020;
				ORGANIZATIONNAME = "Sergey Koriukin";
				TargetAttributes = {
					8821C25C22B7D7F4007834A8 = {
						CreatedOnToolsVersion = 10.2.1;
					};
				};
			};
			buildConfigurationList = 8821C25822B7D7F4007834A8 /* Build configuration list for PBXProject "VKCleanSwift" */;
			compatibilityVersion = "Xcode 9.3";
			developmentRegion = en;
			hasScannedForEncodings = 0;
			knownRegions = (
				en,
				Base,
			);
			mainGroup = 8821C25422B7D7F4007834A8;
			productRefGroup = 8821C25E22B7D7F4007834A8 /* Products */;
			projectDirPath = "";
			projectRoot = "";
			targets = (
				8821C25C22B7D7F4007834A8 /* VKCleanSwift */,
			);
		};
/* End PBXProject section */

/* Begin PBXResourcesBuildPhase section */
		8821C25B22B7D7F4007834A8 /* Resources */ = {
			isa = PBXResourcesBuildPhase;
			buildActionMask = 2147483647;
			files = (
				88792D20231E906C00C4AEE6 /* NewsFeedViewController.storyboard in Resources */,
				8821C26B22B7D7F6007834A8 /* LaunchScreen.storyboard in Resources */,
				88792D26231EC69C00C4AEE6 /* NewsFeedCell.xib in Resources */,
				8821C27C22B7E57A007834A8 /* AuthViewController.storyboard in Resources */,
				88AEDE7C231F8E9400D4C052 /* .gitignore in Resources */,
				8821C26822B7D7F5007834A8 /* Assets.xcassets in Resources */,
			);
			runOnlyForDeploymentPostprocessing = 0;
		};
/* End PBXResourcesBuildPhase section */

/* Begin PBXShellScriptBuildPhase section */
		8821C27522B7DD17007834A8 /* ShellScript */ = {
			isa = PBXShellScriptBuildPhase;
			buildActionMask = 2147483647;
			files = (
			);
			inputFileListPaths = (
			);
			inputPaths = (
				"$(SRCROOT)/Carthage/Build/iOS/VKSdkFramework.framework",
			);
			outputFileListPaths = (
			);
			outputPaths = (
			);
			runOnlyForDeploymentPostprocessing = 0;
			shellPath = /bin/sh;
			shellScript = "/usr/local/bin/carthage copy-frameworks\n";
		};
/* End PBXShellScriptBuildPhase section */

/* Begin PBXSourcesBuildPhase section */
		8821C25922B7D7F4007834A8 /* Sources */ = {
			isa = PBXSourcesBuildPhase;
			buildActionMask = 2147483647;
			files = (
				8815245322B908A900A029F1 /* FeedResponse.swift in Sources */,
				88792D1A231E893100C4AEE6 /* NewsFeedRouter.swift in Sources */,
				88E420C723263CDA00638561 /* NewsFeedCodeCell.swift in Sources */,
				8815244D22B81F9D00A029F1 /* NetworkServise.swift in Sources */,
				8821C27A22B7E568007834A8 /* AuthViewController.swift in Sources */,
				88792D1C231E893100C4AEE6 /* NewsFeedWorker.swift in Sources */,
				88792D19231E893100C4AEE6 /* NewsFeedPresenter.swift in Sources */,
				8821C28322B7FB96007834A8 /* UIViewController_Storybord.swift in Sources */,
				8821C26122B7D7F4007834A8 /* AppDelegate.swift in Sources */,
				88792D0F231E7E2D00C4AEE6 /* NetworkDataFetcher.swift in Sources */,
				8821C27722B7DF04007834A8 /* AuthServise.swift in Sources */,
				88E420CB232665DC00638561 /* Constats.swift in Sources */,
				8815245022B8213D00A029F1 /* API.swift in Sources */,
				88E420C9232644FD00638561 /* Constraints.swift in Sources */,
				88AEDE7E231F90A400D4C052 /* WedImageView.swift in Sources */,
				88792D17231E893100C4AEE6 /* NewsFeedInteractor.swift in Sources */,
				88405E1B2325898C00337D6B /* String + Hieght.swift in Sources */,
				88792D18231E893100C4AEE6 /* NewsFeedModels.swift in Sources */,
				88792D24231EC63A00C4AEE6 /* NewsFeedCell.swift in Sources */,
				88405E19232539DF00337D6B /* NewsFeedCellLayoutCalculate.swift in Sources */,
				88792D1B231E893100C4AEE6 /* NewsFeedViewController.swift in Sources */,
			);
			runOnlyForDeploymentPostprocessing = 0;
		};
/* End PBXSourcesBuildPhase section */

/* Begin PBXVariantGroup section */
		8821C26922B7D7F6007834A8 /* LaunchScreen.storyboard */ = {
			isa = PBXVariantGroup;
			children = (
				8821C26A22B7D7F6007834A8 /* Base */,
			);
			name = LaunchScreen.storyboard;
			sourceTree = "<group>";
		};
/* End PBXVariantGroup section */

/* Begin XCBuildConfiguration section */
		8821C26D22B7D7F6007834A8 /* Debug */ = {
			isa = XCBuildConfiguration;
			buildSettings = {
				ALWAYS_SEARCH_USER_PATHS = NO;
				CLANG_ANALYZER_NONNULL = YES;
				CLANG_ANALYZER_NUMBER_OBJECT_CONVERSION = YES_AGGRESSIVE;
				CLANG_CXX_LANGUAGE_STANDARD = "gnu++14";
				CLANG_CXX_LIBRARY = "libc++";
				CLANG_ENABLE_MODULES = YES;
				CLANG_ENABLE_OBJC_ARC = YES;
				CLANG_ENABLE_OBJC_WEAK = YES;
				CLANG_WARN_BLOCK_CAPTURE_AUTORELEASING = YES;
				CLANG_WARN_BOOL_CONVERSION = YES;
				CLANG_WARN_COMMA = YES;
				CLANG_WARN_CONSTANT_CONVERSION = YES;
				CLANG_WARN_DEPRECATED_OBJC_IMPLEMENTATIONS = YES;
				CLANG_WARN_DIRECT_OBJC_ISA_USAGE = YES_ERROR;
				CLANG_WARN_DOCUMENTATION_COMMENTS = YES;
				CLANG_WARN_EMPTY_BODY = YES;
				CLANG_WARN_ENUM_CONVERSION = YES;
				CLANG_WARN_INFINITE_RECURSION = YES;
				CLANG_WARN_INT_CONVERSION = YES;
				CLANG_WARN_NON_LITERAL_NULL_CONVERSION = YES;
				CLANG_WARN_OBJC_IMPLICIT_RETAIN_SELF = YES;
				CLANG_WARN_OBJC_LITERAL_CONVERSION = YES;
				CLANG_WARN_OBJC_ROOT_CLASS = YES_ERROR;
				CLANG_WARN_RANGE_LOOP_ANALYSIS = YES;
				CLANG_WARN_STRICT_PROTOTYPES = YES;
				CLANG_WARN_SUSPICIOUS_MOVE = YES;
				CLANG_WARN_UNGUARDED_AVAILABILITY = YES_AGGRESSIVE;
				CLANG_WARN_UNREACHABLE_CODE = YES;
				CLANG_WARN__DUPLICATE_METHOD_MATCH = YES;
				CODE_SIGN_IDENTITY = "iPhone Developer";
				COPY_PHASE_STRIP = NO;
				DEBUG_INFORMATION_FORMAT = dwarf;
				ENABLE_STRICT_OBJC_MSGSEND = YES;
				ENABLE_TESTABILITY = YES;
				GCC_C_LANGUAGE_STANDARD = gnu11;
				GCC_DYNAMIC_NO_PIC = NO;
				GCC_NO_COMMON_BLOCKS = YES;
				GCC_OPTIMIZATION_LEVEL = 0;
				GCC_PREPROCESSOR_DEFINITIONS = (
					"DEBUG=1",
					"$(inherited)",
				);
				GCC_WARN_64_TO_32_BIT_CONVERSION = YES;
				GCC_WARN_ABOUT_RETURN_TYPE = YES_ERROR;
				GCC_WARN_UNDECLARED_SELECTOR = YES;
				GCC_WARN_UNINITIALIZED_AUTOS = YES_AGGRESSIVE;
				GCC_WARN_UNUSED_FUNCTION = YES;
				GCC_WARN_UNUSED_VARIABLE = YES;
				IPHONEOS_DEPLOYMENT_TARGET = 12.2;
				MTL_ENABLE_DEBUG_INFO = INCLUDE_SOURCE;
				MTL_FAST_MATH = YES;
				ONLY_ACTIVE_ARCH = YES;
				SDKROOT = iphoneos;
				SWIFT_ACTIVE_COMPILATION_CONDITIONS = DEBUG;
				SWIFT_OPTIMIZATION_LEVEL = "-Onone";
			};
			name = Debug;
		};
		8821C26E22B7D7F6007834A8 /* Release */ = {
			isa = XCBuildConfiguration;
			buildSettings = {
				ALWAYS_SEARCH_USER_PATHS = NO;
				CLANG_ANALYZER_NONNULL = YES;
				CLANG_ANALYZER_NUMBER_OBJECT_CONVERSION = YES_AGGRESSIVE;
				CLANG_CXX_LANGUAGE_STANDARD = "gnu++14";
				CLANG_CXX_LIBRARY = "libc++";
				CLANG_ENABLE_MODULES = YES;
				CLANG_ENABLE_OBJC_ARC = YES;
				CLANG_ENABLE_OBJC_WEAK = YES;
				CLANG_WARN_BLOCK_CAPTURE_AUTORELEASING = YES;
				CLANG_WARN_BOOL_CONVERSION = YES;
				CLANG_WARN_COMMA = YES;
				CLANG_WARN_CONSTANT_CONVERSION = YES;
				CLANG_WARN_DEPRECATED_OBJC_IMPLEMENTATIONS = YES;
				CLANG_WARN_DIRECT_OBJC_ISA_USAGE = YES_ERROR;
				CLANG_WARN_DOCUMENTATION_COMMENTS = YES;
				CLANG_WARN_EMPTY_BODY = YES;
				CLANG_WARN_ENUM_CONVERSION = YES;
				CLANG_WARN_INFINITE_RECURSION = YES;
				CLANG_WARN_INT_CONVERSION = YES;
				CLANG_WARN_NON_LITERAL_NULL_CONVERSION = YES;
				CLANG_WARN_OBJC_IMPLICIT_RETAIN_SELF = YES;
				CLANG_WARN_OBJC_LITERAL_CONVERSION = YES;
				CLANG_WARN_OBJC_ROOT_CLASS = YES_ERROR;
				CLANG_WARN_RANGE_LOOP_ANALYSIS = YES;
				CLANG_WARN_STRICT_PROTOTYPES = YES;
				CLANG_WARN_SUSPICIOUS_MOVE = YES;
				CLANG_WARN_UNGUARDED_AVAILABILITY = YES_AGGRESSIVE;
				CLANG_WARN_UNREACHABLE_CODE = YES;
				CLANG_WARN__DUPLICATE_METHOD_MATCH = YES;
				CODE_SIGN_IDENTITY = "iPhone Developer";
				COPY_PHASE_STRIP = NO;
				DEBUG_INFORMATION_FORMAT = "dwarf-with-dsym";
				ENABLE_NS_ASSERTIONS = NO;
				ENABLE_STRICT_OBJC_MSGSEND = YES;
				GCC_C_LANGUAGE_STANDARD = gnu11;
				GCC_NO_COMMON_BLOCKS = YES;
				GCC_WARN_64_TO_32_BIT_CONVERSION = YES;
				GCC_WARN_ABOUT_RETURN_TYPE = YES_ERROR;
				GCC_WARN_UNDECLARED_SELECTOR = YES;
				GCC_WARN_UNINITIALIZED_AUTOS = YES_AGGRESSIVE;
				GCC_WARN_UNUSED_FUNCTION = YES;
				GCC_WARN_UNUSED_VARIABLE = YES;
				IPHONEOS_DEPLOYMENT_TARGET = 12.2;
				MTL_ENABLE_DEBUG_INFO = NO;
				MTL_FAST_MATH = YES;
				SDKROOT = iphoneos;
				SWIFT_COMPILATION_MODE = wholemodule;
				SWIFT_OPTIMIZATION_LEVEL = "-O";
				VALIDATE_PRODUCT = YES;
			};
			name = Release;
		};
		8821C27022B7D7F6007834A8 /* Debug */ = {
			isa = XCBuildConfiguration;
			buildSettings = {
				ASSETCATALOG_COMPILER_APPICON_NAME = AppIcon;
				CODE_SIGN_STYLE = Automatic;
				DEVELOPMENT_TEAM = 48BAMVNW77;
				FRAMEWORK_SEARCH_PATHS = (
					"$(inherited)",
					"$(PROJECT_DIR)/Carthage/Build/iOS",
				);
				INFOPLIST_FILE = VKCleanSwift/Info.plist;
				LD_RUNPATH_SEARCH_PATHS = (
					"$(inherited)",
					"@executable_path/Frameworks",
				);
				PRODUCT_BUNDLE_IDENTIFIER = FiolentLAB.VKCleanSwift;
				PRODUCT_NAME = "$(TARGET_NAME)";
				SWIFT_VERSION = 5.0;
				TARGETED_DEVICE_FAMILY = "1,2";
			};
			name = Debug;
		};
		8821C27122B7D7F6007834A8 /* Release */ = {
			isa = XCBuildConfiguration;
			buildSettings = {
				ASSETCATALOG_COMPILER_APPICON_NAME = AppIcon;
				CODE_SIGN_STYLE = Automatic;
				DEVELOPMENT_TEAM = 48BAMVNW77;
				FRAMEWORK_SEARCH_PATHS = (
					"$(inherited)",
					"$(PROJECT_DIR)/Carthage/Build/iOS",
				);
				INFOPLIST_FILE = VKCleanSwift/Info.plist;
				LD_RUNPATH_SEARCH_PATHS = (
					"$(inherited)",
					"@executable_path/Frameworks",
				);
				PRODUCT_BUNDLE_IDENTIFIER = FiolentLAB.VKCleanSwift;
				PRODUCT_NAME = "$(TARGET_NAME)";
				SWIFT_VERSION = 5.0;
				TARGETED_DEVICE_FAMILY = "1,2";
			};
			name = Release;
		};
/* End XCBuildConfiguration section */

/* Begin XCConfigurationList section */
		8821C25822B7D7F4007834A8 /* Build configuration list for PBXProject "VKCleanSwift" */ = {
			isa = XCConfigurationList;
			buildConfigurations = (
				8821C26D22B7D7F6007834A8 /* Debug */,
				8821C26E22B7D7F6007834A8 /* Release */,
			);
			defaultConfigurationIsVisible = 0;
			defaultConfigurationName = Release;
		};
		8821C26F22B7D7F6007834A8 /* Build configuration list for PBXNativeTarget "VKCleanSwift" */ = {
			isa = XCConfigurationList;
			buildConfigurations = (
				8821C27022B7D7F6007834A8 /* Debug */,
				8821C27122B7D7F6007834A8 /* Release */,
			);
			defaultConfigurationIsVisible = 0;
			defaultConfigurationName = Release;
		};
/* End XCConfigurationList section */
	};
	rootObject = 8821C25522B7D7F4007834A8 /* Project object */;
}
